// !$*UTF8*$!
{
	archiveVersion = 1;
	classes = {
	};
	objectVersion = 77;
	objects = {

/* Begin PBXBuildFile section */
		A0854FC02E611307004633CA /* Assets.xcassets in Resources */ = {isa = PBXBuildFile; fileRef = A0854FB52E611307004633CA /* Assets.xcassets */; };
		A0854FC22E611307004633CA /* LaunchScreen.storyboard in Resources */ = {isa = PBXBuildFile; fileRef = A0854FB82E611307004633CA /* LaunchScreen.storyboard */; };
		A0854FC42E611307004633CA /* AppDelegate.swift in Sources */ = {isa = PBXBuildFile; fileRef = A0854FB42E611307004633CA /* AppDelegate.swift */; };
		A0854FC52E611307004633CA /* SceneDelegate.swift in Sources */ = {isa = PBXBuildFile; fileRef = A0854FBB2E611307004633CA /* SceneDelegate.swift */; };
		A0854FC62E611307004633CA /* VemoraStore.xcdatamodeld in Sources */ = {isa = PBXBuildFile; fileRef = A0854FBC2E611307004633CA /* VemoraStore.xcdatamodeld */; };
		A0854FC72E611307004633CA /* ViewController.swift in Sources */ = {isa = PBXBuildFile; fileRef = A0854FBD2E611307004633CA /* ViewController.swift */; };
		A0854FCA2E611320004633CA /* VemoraStoreTests.swift in Sources */ = {isa = PBXBuildFile; fileRef = A0854FC82E611320004633CA /* VemoraStoreTests.swift */; };
		A0854FCE2E611324004633CA /* VemoraStoreUITests.swift in Sources */ = {isa = PBXBuildFile; fileRef = A0854FCB2E611324004633CA /* VemoraStoreUITests.swift */; };
		A0854FCF2E611324004633CA /* VemoraStoreUITestsLaunchTests.swift in Sources */ = {isa = PBXBuildFile; fileRef = A0854FCC2E611324004633CA /* VemoraStoreUITestsLaunchTests.swift */; };
		A0854FD72E611898004633CA /* UIImageView+KF.swift in Sources */ = {isa = PBXBuildFile; fileRef = A0854FD62E611898004633CA /* UIImageView+KF.swift */; };
		A0854FDA2E61199A004633CA /* CoreDataManager.swift in Sources */ = {isa = PBXBuildFile; fileRef = A0854FD92E61199A004633CA /* CoreDataManager.swift */; };
		A0854FDE2E6119E6004633CA /* KeychainService.swift in Sources */ = {isa = PBXBuildFile; fileRef = A0854FDD2E6119E6004633CA /* KeychainService.swift */; };
		A0854FE22E6121BC004633CA /* FirestoreProductService.swift in Sources */ = {isa = PBXBuildFile; fileRef = A0854FE12E6121BC004633CA /* FirestoreProductService.swift */; };
		A0854FE62E6121E3004633CA /* FirebaseAuthService.swift in Sources */ = {isa = PBXBuildFile; fileRef = A0854FE52E6121E3004633CA /* FirebaseAuthService.swift */; };
		A0854FE82E6121F4004633CA /* FirebaseProfileService.swift in Sources */ = {isa = PBXBuildFile; fileRef = A0854FE72E6121F4004633CA /* FirebaseProfileService.swift */; };
		A0854FEA2E612206004633CA /* FirebaseNotificationService.swift in Sources */ = {isa = PBXBuildFile; fileRef = A0854FE92E612206004633CA /* FirebaseNotificationService.swift */; };
		A0854FEF2E612272004633CA /* CartService.swift in Sources */ = {isa = PBXBuildFile; fileRef = A0854FEE2E612272004633CA /* CartService.swift */; };
		A0854FF12E612286004633CA /* FavoritesService.swift in Sources */ = {isa = PBXBuildFile; fileRef = A0854FF02E612286004633CA /* FavoritesService.swift */; };
		A0854FF42E6122B6004633CA /* LocationService.swift in Sources */ = {isa = PBXBuildFile; fileRef = A0854FF32E6122B6004633CA /* LocationService.swift */; };
		A0854FF92E612395004633CA /* Product.swift in Sources */ = {isa = PBXBuildFile; fileRef = A0854FF82E612395004633CA /* Product.swift */; };
		A0854FFB2E6123A5004633CA /* Category.swift in Sources */ = {isa = PBXBuildFile; fileRef = A0854FFA2E6123A5004633CA /* Category.swift */; };
		A0854FFD2E6123B6004633CA /* Order.swift in Sources */ = {isa = PBXBuildFile; fileRef = A0854FFC2E6123B6004633CA /* Order.swift */; };
		A0854FFF2E6123D0004633CA /* Address.swift in Sources */ = {isa = PBXBuildFile; fileRef = A0854FFE2E6123D0004633CA /* Address.swift */; };
		A08550022E612411004633CA /* AuthServiceProtocol.swift in Sources */ = {isa = PBXBuildFile; fileRef = A08550012E612411004633CA /* AuthServiceProtocol.swift */; };
		A08550042E612420004633CA /* ProductServiceProtocol.swift in Sources */ = {isa = PBXBuildFile; fileRef = A08550032E612420004633CA /* ProductServiceProtocol.swift */; };
		A08550062E61242E004633CA /* ProfileServiceProtocol.swift in Sources */ = {isa = PBXBuildFile; fileRef = A08550052E61242E004633CA /* ProfileServiceProtocol.swift */; };
		A08550082E61243C004633CA /* CartServiceProtocol.swift in Sources */ = {isa = PBXBuildFile; fileRef = A08550072E61243C004633CA /* CartServiceProtocol.swift */; };
		A085500A2E61244A004633CA /* FavoritesServiceProtocol.swift in Sources */ = {isa = PBXBuildFile; fileRef = A08550092E61244A004633CA /* FavoritesServiceProtocol.swift */; };
		A085500C2E612458004633CA /* NotificationServiceProtocol.swift in Sources */ = {isa = PBXBuildFile; fileRef = A085500B2E612458004633CA /* NotificationServiceProtocol.swift */; };
		A08550102E61255A004633CA /* Coordinator.swift in Sources */ = {isa = PBXBuildFile; fileRef = A085500F2E61255A004633CA /* Coordinator.swift */; };
		A08550122E61256B004633CA /* AppCoordinator.swift in Sources */ = {isa = PBXBuildFile; fileRef = A08550112E61256B004633CA /* AppCoordinator.swift */; };
		A08550142E61257B004633CA /* AuthCoordinator.swift in Sources */ = {isa = PBXBuildFile; fileRef = A08550132E61257B004633CA /* AuthCoordinator.swift */; };
		A08550162E61258B004633CA /* MainCoordinator.swift in Sources */ = {isa = PBXBuildFile; fileRef = A08550152E61258B004633CA /* MainCoordinator.swift */; };
		A085501A2E6125E4004633CA /* LoginViewController.swift in Sources */ = {isa = PBXBuildFile; fileRef = A08550192E6125E4004633CA /* LoginViewController.swift */; };
		A085501C2E6125F6004633CA /* LoginViewModel.swift in Sources */ = {isa = PBXBuildFile; fileRef = A085501B2E6125F6004633CA /* LoginViewModel.swift */; };
		A085501F2E612637004633CA /* CatalogViewController.swift in Sources */ = {isa = PBXBuildFile; fileRef = A085501E2E612637004633CA /* CatalogViewController.swift */; };
		A08550212E61264B004633CA /* CatalogViewModel.swift in Sources */ = {isa = PBXBuildFile; fileRef = A08550202E61264B004633CA /* CatalogViewModel.swift */; };
		A08550232E61265E004633CA /* ProductCell.swift in Sources */ = {isa = PBXBuildFile; fileRef = A08550222E61265E004633CA /* ProductCell.swift */; };
		A08550262E612936004633CA /* ProductDetailsViewController.swift in Sources */ = {isa = PBXBuildFile; fileRef = A08550252E612936004633CA /* ProductDetailsViewController.swift */; };
		A08550282E612945004633CA /* ProductDetailsViewModel.swift in Sources */ = {isa = PBXBuildFile; fileRef = A08550272E612945004633CA /* ProductDetailsViewModel.swift */; };
		A085502B2E612977004633CA /* FavoritesViewController.swift in Sources */ = {isa = PBXBuildFile; fileRef = A085502A2E612977004633CA /* FavoritesViewController.swift */; };
		A085502D2E6129A3004633CA /* FavoritesViewModel.swift in Sources */ = {isa = PBXBuildFile; fileRef = A085502C2E6129A3004633CA /* FavoritesViewModel.swift */; };
		A085502F2E6129D1004633CA /* FavoriteProductCell.swift in Sources */ = {isa = PBXBuildFile; fileRef = A085502E2E6129D1004633CA /* FavoriteProductCell.swift */; };
		A08550322E612A46004633CA /* CartViewController.swift in Sources */ = {isa = PBXBuildFile; fileRef = A08550312E612A45004633CA /* CartViewController.swift */; };
		A08550362E612A62004633CA /* CartViewModel.swift in Sources */ = {isa = PBXBuildFile; fileRef = A08550352E612A62004633CA /* CartViewModel.swift */; };
		A08550392E612A84004633CA /* ProfileViewController.swift in Sources */ = {isa = PBXBuildFile; fileRef = A08550382E612A84004633CA /* ProfileViewController.swift */; };
		A085503B2E612A94004633CA /* ProfileViewModel.swift in Sources */ = {isa = PBXBuildFile; fileRef = A085503A2E612A94004633CA /* ProfileViewModel.swift */; };
		A085503E2E612AC6004633CA /* CheckoutViewController.swift in Sources */ = {isa = PBXBuildFile; fileRef = A085503D2E612AC6004633CA /* CheckoutViewController.swift */; };
		A08550402E612ADB004633CA /* CheckoutViewModel.swift in Sources */ = {isa = PBXBuildFile; fileRef = A085503F2E612ADB004633CA /* CheckoutViewModel.swift */; };
		A08550422E612AEA004633CA /* MapPickerViewController.swift in Sources */ = {isa = PBXBuildFile; fileRef = A08550412E612AEA004633CA /* MapPickerViewController.swift */; };
		A08550452E612B4D004633CA /* TabBarFactory.swift in Sources */ = {isa = PBXBuildFile; fileRef = A08550442E612B4D004633CA /* TabBarFactory.swift */; };
		A085504A2E612C55004633CA /* UserDefaultsService.swift in Sources */ = {isa = PBXBuildFile; fileRef = A08550492E612C55004633CA /* UserDefaultsService.swift */; };
		A085504C2E612F78004633CA /* UserDefaultsKeys.swift in Sources */ = {isa = PBXBuildFile; fileRef = A085504B2E612F78004633CA /* UserDefaultsKeys.swift */; };
		A085504F2E613EF8004633CA /* Container+Services.swift in Sources */ = {isa = PBXBuildFile; fileRef = A085504E2E613EF8004633CA /* Container+Services.swift */; };
		A08550512E613F2D004633CA /* Container+ViewModels.swift in Sources */ = {isa = PBXBuildFile; fileRef = A08550502E613F2D004633CA /* Container+ViewModels.swift */; };
		A08550532E613F5A004633CA /* Container+Utils.swift in Sources */ = {isa = PBXBuildFile; fileRef = A08550522E613F5A004633CA /* Container+Utils.swift */; };
		A08550572E6144CB004633CA /* Profile.swift in Sources */ = {isa = PBXBuildFile; fileRef = A08550562E6144CB004633CA /* Profile.swift */; };
		A08550592E614B5C004633CA /* LocationServiceProtocol.swift in Sources */ = {isa = PBXBuildFile; fileRef = A08550582E614B5C004633CA /* LocationServiceProtocol.swift */; };
		A085505C2E614D79004633CA /* FactoryKit in Frameworks */ = {isa = PBXBuildFile; productRef = A085505B2E614D79004633CA /* FactoryKit */; };
		A085505E2E614EA3004633CA /* CartItemEntity.swift in Sources */ = {isa = PBXBuildFile; fileRef = A085505D2E614EA3004633CA /* CartItemEntity.swift */; };
/* End PBXBuildFile section */

/* Begin PBXContainerItemProxy section */
		A0854F972E6112A5004633CA /* PBXContainerItemProxy */ = {
			isa = PBXContainerItemProxy;
			containerPortal = A0854F752E6112A3004633CA /* Project object */;
			proxyType = 1;
			remoteGlobalIDString = A0854F7C2E6112A3004633CA;
			remoteInfo = VemoraStore;
		};
		A0854FA12E6112A5004633CA /* PBXContainerItemProxy */ = {
			isa = PBXContainerItemProxy;
			containerPortal = A0854F752E6112A3004633CA /* Project object */;
			proxyType = 1;
			remoteGlobalIDString = A0854F7C2E6112A3004633CA;
			remoteInfo = VemoraStore;
		};
/* End PBXContainerItemProxy section */

/* Begin PBXFileReference section */
		A0854F7D2E6112A3004633CA /* VemoraStore.app */ = {isa = PBXFileReference; explicitFileType = wrapper.application; includeInIndex = 0; path = VemoraStore.app; sourceTree = BUILT_PRODUCTS_DIR; };
		A0854F962E6112A5004633CA /* VemoraStoreTests.xctest */ = {isa = PBXFileReference; explicitFileType = wrapper.cfbundle; includeInIndex = 0; path = VemoraStoreTests.xctest; sourceTree = BUILT_PRODUCTS_DIR; };
		A0854FA02E6112A5004633CA /* VemoraStoreUITests.xctest */ = {isa = PBXFileReference; explicitFileType = wrapper.cfbundle; includeInIndex = 0; path = VemoraStoreUITests.xctest; sourceTree = BUILT_PRODUCTS_DIR; };
		A0854FB42E611307004633CA /* AppDelegate.swift */ = {isa = PBXFileReference; lastKnownFileType = sourcecode.swift; path = AppDelegate.swift; sourceTree = "<group>"; };
		A0854FB52E611307004633CA /* Assets.xcassets */ = {isa = PBXFileReference; lastKnownFileType = folder.assetcatalog; path = Assets.xcassets; sourceTree = "<group>"; };
		A0854FB62E611307004633CA /* Info.plist */ = {isa = PBXFileReference; lastKnownFileType = text.plist.xml; path = Info.plist; sourceTree = "<group>"; };
		A0854FB72E611307004633CA /* Base */ = {isa = PBXFileReference; lastKnownFileType = file.storyboard; name = Base; path = Base.lproj/LaunchScreen.storyboard; sourceTree = "<group>"; };
		A0854FBB2E611307004633CA /* SceneDelegate.swift */ = {isa = PBXFileReference; lastKnownFileType = sourcecode.swift; path = SceneDelegate.swift; sourceTree = "<group>"; };
		A0854FBD2E611307004633CA /* ViewController.swift */ = {isa = PBXFileReference; lastKnownFileType = sourcecode.swift; path = ViewController.swift; sourceTree = "<group>"; };
		A0854FBF2E611307004633CA /* VemoraStore.xcdatamodel */ = {isa = PBXFileReference; lastKnownFileType = wrapper.xcdatamodel; path = VemoraStore.xcdatamodel; sourceTree = "<group>"; };
		A0854FC82E611320004633CA /* VemoraStoreTests.swift */ = {isa = PBXFileReference; lastKnownFileType = sourcecode.swift; path = VemoraStoreTests.swift; sourceTree = "<group>"; };
		A0854FCB2E611324004633CA /* VemoraStoreUITests.swift */ = {isa = PBXFileReference; lastKnownFileType = sourcecode.swift; path = VemoraStoreUITests.swift; sourceTree = "<group>"; };
		A0854FCC2E611324004633CA /* VemoraStoreUITestsLaunchTests.swift */ = {isa = PBXFileReference; lastKnownFileType = sourcecode.swift; path = VemoraStoreUITestsLaunchTests.swift; sourceTree = "<group>"; };
		A0854FD62E611898004633CA /* UIImageView+KF.swift */ = {isa = PBXFileReference; lastKnownFileType = sourcecode.swift; path = "UIImageView+KF.swift"; sourceTree = "<group>"; };
		A0854FD92E61199A004633CA /* CoreDataManager.swift */ = {isa = PBXFileReference; lastKnownFileType = sourcecode.swift; path = CoreDataManager.swift; sourceTree = "<group>"; };
		A0854FDD2E6119E6004633CA /* KeychainService.swift */ = {isa = PBXFileReference; lastKnownFileType = sourcecode.swift; path = KeychainService.swift; sourceTree = "<group>"; };
		A0854FE12E6121BC004633CA /* FirestoreProductService.swift */ = {isa = PBXFileReference; lastKnownFileType = sourcecode.swift; path = FirestoreProductService.swift; sourceTree = "<group>"; };
		A0854FE52E6121E3004633CA /* FirebaseAuthService.swift */ = {isa = PBXFileReference; lastKnownFileType = sourcecode.swift; path = FirebaseAuthService.swift; sourceTree = "<group>"; };
		A0854FE72E6121F4004633CA /* FirebaseProfileService.swift */ = {isa = PBXFileReference; lastKnownFileType = sourcecode.swift; path = FirebaseProfileService.swift; sourceTree = "<group>"; };
		A0854FE92E612206004633CA /* FirebaseNotificationService.swift */ = {isa = PBXFileReference; lastKnownFileType = sourcecode.swift; path = FirebaseNotificationService.swift; sourceTree = "<group>"; };
		A0854FEE2E612272004633CA /* CartService.swift */ = {isa = PBXFileReference; lastKnownFileType = sourcecode.swift; path = CartService.swift; sourceTree = "<group>"; };
		A0854FF02E612286004633CA /* FavoritesService.swift */ = {isa = PBXFileReference; lastKnownFileType = sourcecode.swift; path = FavoritesService.swift; sourceTree = "<group>"; };
		A0854FF32E6122B6004633CA /* LocationService.swift */ = {isa = PBXFileReference; lastKnownFileType = sourcecode.swift; path = LocationService.swift; sourceTree = "<group>"; };
		A0854FF82E612395004633CA /* Product.swift */ = {isa = PBXFileReference; lastKnownFileType = sourcecode.swift; path = Product.swift; sourceTree = "<group>"; };
		A0854FFA2E6123A5004633CA /* Category.swift */ = {isa = PBXFileReference; lastKnownFileType = sourcecode.swift; path = Category.swift; sourceTree = "<group>"; };
		A0854FFC2E6123B6004633CA /* Order.swift */ = {isa = PBXFileReference; lastKnownFileType = sourcecode.swift; path = Order.swift; sourceTree = "<group>"; };
		A0854FFE2E6123D0004633CA /* Address.swift */ = {isa = PBXFileReference; lastKnownFileType = sourcecode.swift; path = Address.swift; sourceTree = "<group>"; };
		A08550012E612411004633CA /* AuthServiceProtocol.swift */ = {isa = PBXFileReference; lastKnownFileType = sourcecode.swift; path = AuthServiceProtocol.swift; sourceTree = "<group>"; };
		A08550032E612420004633CA /* ProductServiceProtocol.swift */ = {isa = PBXFileReference; lastKnownFileType = sourcecode.swift; path = ProductServiceProtocol.swift; sourceTree = "<group>"; };
		A08550052E61242E004633CA /* ProfileServiceProtocol.swift */ = {isa = PBXFileReference; lastKnownFileType = sourcecode.swift; path = ProfileServiceProtocol.swift; sourceTree = "<group>"; };
		A08550072E61243C004633CA /* CartServiceProtocol.swift */ = {isa = PBXFileReference; lastKnownFileType = sourcecode.swift; path = CartServiceProtocol.swift; sourceTree = "<group>"; };
		A08550092E61244A004633CA /* FavoritesServiceProtocol.swift */ = {isa = PBXFileReference; lastKnownFileType = sourcecode.swift; path = FavoritesServiceProtocol.swift; sourceTree = "<group>"; };
		A085500B2E612458004633CA /* NotificationServiceProtocol.swift */ = {isa = PBXFileReference; lastKnownFileType = sourcecode.swift; path = NotificationServiceProtocol.swift; sourceTree = "<group>"; };
		A085500F2E61255A004633CA /* Coordinator.swift */ = {isa = PBXFileReference; lastKnownFileType = sourcecode.swift; path = Coordinator.swift; sourceTree = "<group>"; };
		A08550112E61256B004633CA /* AppCoordinator.swift */ = {isa = PBXFileReference; lastKnownFileType = sourcecode.swift; path = AppCoordinator.swift; sourceTree = "<group>"; };
		A08550132E61257B004633CA /* AuthCoordinator.swift */ = {isa = PBXFileReference; lastKnownFileType = sourcecode.swift; path = AuthCoordinator.swift; sourceTree = "<group>"; };
		A08550152E61258B004633CA /* MainCoordinator.swift */ = {isa = PBXFileReference; lastKnownFileType = sourcecode.swift; path = MainCoordinator.swift; sourceTree = "<group>"; };
		A08550192E6125E4004633CA /* LoginViewController.swift */ = {isa = PBXFileReference; lastKnownFileType = sourcecode.swift; path = LoginViewController.swift; sourceTree = "<group>"; };
		A085501B2E6125F6004633CA /* LoginViewModel.swift */ = {isa = PBXFileReference; lastKnownFileType = sourcecode.swift; path = LoginViewModel.swift; sourceTree = "<group>"; };
		A085501E2E612637004633CA /* CatalogViewController.swift */ = {isa = PBXFileReference; lastKnownFileType = sourcecode.swift; path = CatalogViewController.swift; sourceTree = "<group>"; };
		A08550202E61264B004633CA /* CatalogViewModel.swift */ = {isa = PBXFileReference; lastKnownFileType = sourcecode.swift; path = CatalogViewModel.swift; sourceTree = "<group>"; };
		A08550222E61265E004633CA /* ProductCell.swift */ = {isa = PBXFileReference; lastKnownFileType = sourcecode.swift; path = ProductCell.swift; sourceTree = "<group>"; };
		A08550252E612936004633CA /* ProductDetailsViewController.swift */ = {isa = PBXFileReference; lastKnownFileType = sourcecode.swift; path = ProductDetailsViewController.swift; sourceTree = "<group>"; };
		A08550272E612945004633CA /* ProductDetailsViewModel.swift */ = {isa = PBXFileReference; lastKnownFileType = sourcecode.swift; path = ProductDetailsViewModel.swift; sourceTree = "<group>"; };
		A085502A2E612977004633CA /* FavoritesViewController.swift */ = {isa = PBXFileReference; lastKnownFileType = sourcecode.swift; path = FavoritesViewController.swift; sourceTree = "<group>"; };
		A085502C2E6129A3004633CA /* FavoritesViewModel.swift */ = {isa = PBXFileReference; lastKnownFileType = sourcecode.swift; path = FavoritesViewModel.swift; sourceTree = "<group>"; };
		A085502E2E6129D1004633CA /* FavoriteProductCell.swift */ = {isa = PBXFileReference; lastKnownFileType = sourcecode.swift; path = FavoriteProductCell.swift; sourceTree = "<group>"; };
		A08550312E612A45004633CA /* CartViewController.swift */ = {isa = PBXFileReference; lastKnownFileType = sourcecode.swift; path = CartViewController.swift; sourceTree = "<group>"; };
		A08550352E612A62004633CA /* CartViewModel.swift */ = {isa = PBXFileReference; lastKnownFileType = sourcecode.swift; path = CartViewModel.swift; sourceTree = "<group>"; };
		A08550382E612A84004633CA /* ProfileViewController.swift */ = {isa = PBXFileReference; lastKnownFileType = sourcecode.swift; path = ProfileViewController.swift; sourceTree = "<group>"; };
		A085503A2E612A94004633CA /* ProfileViewModel.swift */ = {isa = PBXFileReference; lastKnownFileType = sourcecode.swift; path = ProfileViewModel.swift; sourceTree = "<group>"; };
		A085503D2E612AC6004633CA /* CheckoutViewController.swift */ = {isa = PBXFileReference; lastKnownFileType = sourcecode.swift; path = CheckoutViewController.swift; sourceTree = "<group>"; };
		A085503F2E612ADB004633CA /* CheckoutViewModel.swift */ = {isa = PBXFileReference; lastKnownFileType = sourcecode.swift; path = CheckoutViewModel.swift; sourceTree = "<group>"; };
		A08550412E612AEA004633CA /* MapPickerViewController.swift */ = {isa = PBXFileReference; lastKnownFileType = sourcecode.swift; path = MapPickerViewController.swift; sourceTree = "<group>"; };
		A08550442E612B4D004633CA /* TabBarFactory.swift */ = {isa = PBXFileReference; lastKnownFileType = sourcecode.swift; path = TabBarFactory.swift; sourceTree = "<group>"; };
		A08550492E612C55004633CA /* UserDefaultsService.swift */ = {isa = PBXFileReference; lastKnownFileType = sourcecode.swift; path = UserDefaultsService.swift; sourceTree = "<group>"; };
		A085504B2E612F78004633CA /* UserDefaultsKeys.swift */ = {isa = PBXFileReference; lastKnownFileType = sourcecode.swift; path = UserDefaultsKeys.swift; sourceTree = "<group>"; };
		A085504E2E613EF8004633CA /* Container+Services.swift */ = {isa = PBXFileReference; lastKnownFileType = sourcecode.swift; path = "Container+Services.swift"; sourceTree = "<group>"; };
		A08550502E613F2D004633CA /* Container+ViewModels.swift */ = {isa = PBXFileReference; lastKnownFileType = sourcecode.swift; path = "Container+ViewModels.swift"; sourceTree = "<group>"; };
		A08550522E613F5A004633CA /* Container+Utils.swift */ = {isa = PBXFileReference; lastKnownFileType = sourcecode.swift; path = "Container+Utils.swift"; sourceTree = "<group>"; };
		A08550562E6144CB004633CA /* Profile.swift */ = {isa = PBXFileReference; lastKnownFileType = sourcecode.swift; path = Profile.swift; sourceTree = "<group>"; };
		A08550582E614B5C004633CA /* LocationServiceProtocol.swift */ = {isa = PBXFileReference; lastKnownFileType = sourcecode.swift; path = LocationServiceProtocol.swift; sourceTree = "<group>"; };
		A085505D2E614EA3004633CA /* CartItemEntity.swift */ = {isa = PBXFileReference; lastKnownFileType = sourcecode.swift; path = CartItemEntity.swift; sourceTree = "<group>"; };
/* End PBXFileReference section */

/* Begin PBXFrameworksBuildPhase section */
		A0854F7A2E6112A3004633CA /* Frameworks */ = {
			isa = PBXFrameworksBuildPhase;
			buildActionMask = 2147483647;
			files = (
				A085505C2E614D79004633CA /* FactoryKit in Frameworks */,
			);
			runOnlyForDeploymentPostprocessing = 0;
		};
		A0854F932E6112A5004633CA /* Frameworks */ = {
			isa = PBXFrameworksBuildPhase;
			buildActionMask = 2147483647;
			files = (
			);
			runOnlyForDeploymentPostprocessing = 0;
		};
		A0854F9D2E6112A5004633CA /* Frameworks */ = {
			isa = PBXFrameworksBuildPhase;
			buildActionMask = 2147483647;
			files = (
			);
			runOnlyForDeploymentPostprocessing = 0;
		};
/* End PBXFrameworksBuildPhase section */

/* Begin PBXGroup section */
		A0854F742E6112A3004633CA = {
			isa = PBXGroup;
			children = (
				A0854FBE2E611307004633CA /* VemoraStore */,
				A085505A2E614D79004633CA /* Frameworks */,
				A0854F7E2E6112A3004633CA /* Products */,
			);
			sourceTree = "<group>";
		};
		A0854F7E2E6112A3004633CA /* Products */ = {
			isa = PBXGroup;
			children = (
				A0854F7D2E6112A3004633CA /* VemoraStore.app */,
				A0854F962E6112A5004633CA /* VemoraStoreTests.xctest */,
				A0854FA02E6112A5004633CA /* VemoraStoreUITests.xctest */,
			);
			name = Products;
			sourceTree = "<group>";
		};
		A0854FBE2E611307004633CA /* VemoraStore */ = {
			isa = PBXGroup;
			children = (
				A0854FD02E61173E004633CA /* App */,
				A0854FD12E6117F4004633CA /* Core */,
				A0854FDF2E611B1B004633CA /* Data */,
				A0854FF62E612317004633CA /* Domain */,
				A085500D2E612480004633CA /* Presentation */,
				A08550432E612AFF004633CA /* UI */,
				A0854FF52E6122ED004633CA /* Resources */,
				A08550462E612B94004633CA /* Tests */,
				A08550472E612BAD004633CA /* LaunchScreen */,
				A0854FBD2E611307004633CA /* ViewController.swift */,
			);
			path = VemoraStore;
			sourceTree = "<group>";
		};
		A0854FC92E611320004633CA /* VemoraStoreTests */ = {
			isa = PBXGroup;
			children = (
				A0854FC82E611320004633CA /* VemoraStoreTests.swift */,
			);
			path = VemoraStoreTests;
			sourceTree = "<group>";
		};
		A0854FCD2E611324004633CA /* VemoraStoreUITests */ = {
			isa = PBXGroup;
			children = (
				A0854FCB2E611324004633CA /* VemoraStoreUITests.swift */,
				A0854FCC2E611324004633CA /* VemoraStoreUITestsLaunchTests.swift */,
			);
			path = VemoraStoreUITests;
			sourceTree = "<group>";
		};
		A0854FD02E61173E004633CA /* App */ = {
			isa = PBXGroup;
			children = (
				A0854FB42E611307004633CA /* AppDelegate.swift */,
				A0854FBB2E611307004633CA /* SceneDelegate.swift */,
				A0854FB62E611307004633CA /* Info.plist */,
			);
			path = App;
			sourceTree = "<group>";
		};
		A0854FD12E6117F4004633CA /* Core */ = {
			isa = PBXGroup;
			children = (
				A0854FD22E611805004633CA /* DI */,
				A0854FD52E61186A004633CA /* Extensions */,
				A0854FD82E611972004633CA /* Persistence */,
				A0854FDC2E6119CA004633CA /* Security */,
			);
			path = Core;
			sourceTree = "<group>";
		};
		A0854FD22E611805004633CA /* DI */ = {
			isa = PBXGroup;
			children = (
				A08550542E613F7C004633CA /* Factory */,
			);
			path = DI;
			sourceTree = "<group>";
		};
		A0854FD52E61186A004633CA /* Extensions */ = {
			isa = PBXGroup;
			children = (
				A0854FD62E611898004633CA /* UIImageView+KF.swift */,
			);
			path = Extensions;
			sourceTree = "<group>";
		};
		A0854FD82E611972004633CA /* Persistence */ = {
			isa = PBXGroup;
			children = (
				A0854FD92E61199A004633CA /* CoreDataManager.swift */,
				A0854FDB2E6119B1004633CA /* Models */,
				A0854FBC2E611307004633CA /* VemoraStore.xcdatamodeld */,
			);
			path = Persistence;
			sourceTree = "<group>";
		};
		A0854FDB2E6119B1004633CA /* Models */ = {
			isa = PBXGroup;
			children = (
				A085505D2E614EA3004633CA /* CartItemEntity.swift */,
			);
			path = Models;
			sourceTree = "<group>";
		};
		A0854FDC2E6119CA004633CA /* Security */ = {
			isa = PBXGroup;
			children = (
				A0854FDD2E6119E6004633CA /* KeychainService.swift */,
			);
			path = Security;
			sourceTree = "<group>";
		};
		A0854FDF2E611B1B004633CA /* Data */ = {
			isa = PBXGroup;
			children = (
				A0854FE02E612180004633CA /* Firebase */,
				A0854FED2E61224B004633CA /* Local */,
				A0854FF22E61229E004633CA /* Location */,
				A08550482E612C25004633CA /* UserDefaults */,
			);
			path = Data;
			sourceTree = "<group>";
		};
		A0854FE02E612180004633CA /* Firebase */ = {
			isa = PBXGroup;
			children = (
				A0854FE52E6121E3004633CA /* FirebaseAuthService.swift */,
				A0854FE12E6121BC004633CA /* FirestoreProductService.swift */,
				A0854FE72E6121F4004633CA /* FirebaseProfileService.swift */,
				A0854FE92E612206004633CA /* FirebaseNotificationService.swift */,
			);
			path = Firebase;
			sourceTree = "<group>";
		};
		A0854FED2E61224B004633CA /* Local */ = {
			isa = PBXGroup;
			children = (
				A0854FEE2E612272004633CA /* CartService.swift */,
				A0854FF02E612286004633CA /* FavoritesService.swift */,
			);
			path = Local;
			sourceTree = "<group>";
		};
		A0854FF22E61229E004633CA /* Location */ = {
			isa = PBXGroup;
			children = (
				A0854FF32E6122B6004633CA /* LocationService.swift */,
			);
			path = Location;
			sourceTree = "<group>";
		};
		A0854FF52E6122ED004633CA /* Resources */ = {
			isa = PBXGroup;
			children = (
				A0854FB52E611307004633CA /* Assets.xcassets */,
			);
			path = Resources;
			sourceTree = "<group>";
		};
		A0854FF62E612317004633CA /* Domain */ = {
			isa = PBXGroup;
			children = (
				A0854FF72E612380004633CA /* Models */,
				A08550002E6123E2004633CA /* Protocols */,
			);
			path = Domain;
			sourceTree = "<group>";
		};
		A0854FF72E612380004633CA /* Models */ = {
			isa = PBXGroup;
			children = (
				A0854FF82E612395004633CA /* Product.swift */,
				A0854FFA2E6123A5004633CA /* Category.swift */,
				A0854FFC2E6123B6004633CA /* Order.swift */,
				A0854FFE2E6123D0004633CA /* Address.swift */,
				A08550562E6144CB004633CA /* Profile.swift */,
			);
			path = Models;
			sourceTree = "<group>";
		};
		A08550002E6123E2004633CA /* Protocols */ = {
			isa = PBXGroup;
			children = (
				A08550012E612411004633CA /* AuthServiceProtocol.swift */,
				A08550032E612420004633CA /* ProductServiceProtocol.swift */,
				A08550052E61242E004633CA /* ProfileServiceProtocol.swift */,
				A08550072E61243C004633CA /* CartServiceProtocol.swift */,
				A08550092E61244A004633CA /* FavoritesServiceProtocol.swift */,
				A085500B2E612458004633CA /* NotificationServiceProtocol.swift */,
				A08550582E614B5C004633CA /* LocationServiceProtocol.swift */,
			);
			path = Protocols;
			sourceTree = "<group>";
		};
		A085500D2E612480004633CA /* Presentation */ = {
			isa = PBXGroup;
			children = (
				A085504D2E613155004633CA /* TabBar */,
				A085500E2E61253A004633CA /* Coordinators */,
				A08550172E6125A4004633CA /* Scenes */,
			);
			path = Presentation;
			sourceTree = "<group>";
		};
		A085500E2E61253A004633CA /* Coordinators */ = {
			isa = PBXGroup;
			children = (
				A085500F2E61255A004633CA /* Coordinator.swift */,
				A08550112E61256B004633CA /* AppCoordinator.swift */,
				A08550132E61257B004633CA /* AuthCoordinator.swift */,
				A08550152E61258B004633CA /* MainCoordinator.swift */,
			);
			path = Coordinators;
			sourceTree = "<group>";
		};
		A08550172E6125A4004633CA /* Scenes */ = {
			isa = PBXGroup;
			children = (
				A08550182E6125CC004633CA /* Auth */,
				A085501D2E61260C004633CA /* Catalog */,
				A08550242E61291F004633CA /* ProductDetails */,
				A08550292E612952004633CA /* Favorites */,
				A08550302E612A33004633CA /* Cart */,
				A08550372E612A6F004633CA /* Profile */,
				A085503C2E612AA0004633CA /* Checkout */,
			);
			path = Scenes;
			sourceTree = "<group>";
		};
		A08550182E6125CC004633CA /* Auth */ = {
			isa = PBXGroup;
			children = (
				A08550192E6125E4004633CA /* LoginViewController.swift */,
				A085501B2E6125F6004633CA /* LoginViewModel.swift */,
			);
			path = Auth;
			sourceTree = "<group>";
		};
		A085501D2E61260C004633CA /* Catalog */ = {
			isa = PBXGroup;
			children = (
				A085501E2E612637004633CA /* CatalogViewController.swift */,
				A08550202E61264B004633CA /* CatalogViewModel.swift */,
				A08550222E61265E004633CA /* ProductCell.swift */,
			);
			path = Catalog;
			sourceTree = "<group>";
		};
		A08550242E61291F004633CA /* ProductDetails */ = {
			isa = PBXGroup;
			children = (
				A08550252E612936004633CA /* ProductDetailsViewController.swift */,
				A08550272E612945004633CA /* ProductDetailsViewModel.swift */,
			);
			path = ProductDetails;
			sourceTree = "<group>";
		};
		A08550292E612952004633CA /* Favorites */ = {
			isa = PBXGroup;
			children = (
				A085502A2E612977004633CA /* FavoritesViewController.swift */,
				A085502C2E6129A3004633CA /* FavoritesViewModel.swift */,
				A085502E2E6129D1004633CA /* FavoriteProductCell.swift */,
			);
			path = Favorites;
			sourceTree = "<group>";
		};
		A08550302E612A33004633CA /* Cart */ = {
			isa = PBXGroup;
			children = (
				A08550312E612A45004633CA /* CartViewController.swift */,
				A08550352E612A62004633CA /* CartViewModel.swift */,
			);
			path = Cart;
			sourceTree = "<group>";
		};
		A08550372E612A6F004633CA /* Profile */ = {
			isa = PBXGroup;
			children = (
				A08550382E612A84004633CA /* ProfileViewController.swift */,
				A085503A2E612A94004633CA /* ProfileViewModel.swift */,
			);
			path = Profile;
			sourceTree = "<group>";
		};
		A085503C2E612AA0004633CA /* Checkout */ = {
			isa = PBXGroup;
			children = (
				A085503D2E612AC6004633CA /* CheckoutViewController.swift */,
				A085503F2E612ADB004633CA /* CheckoutViewModel.swift */,
				A08550412E612AEA004633CA /* MapPickerViewController.swift */,
			);
			path = Checkout;
			sourceTree = "<group>";
		};
		A08550432E612AFF004633CA /* UI */ = {
			isa = PBXGroup;
			children = (
			);
			path = UI;
			sourceTree = "<group>";
		};
		A08550462E612B94004633CA /* Tests */ = {
			isa = PBXGroup;
			children = (
				A0854FC92E611320004633CA /* VemoraStoreTests */,
				A0854FCD2E611324004633CA /* VemoraStoreUITests */,
			);
			path = Tests;
			sourceTree = "<group>";
		};
		A08550472E612BAD004633CA /* LaunchScreen */ = {
			isa = PBXGroup;
			children = (
				A0854FB82E611307004633CA /* LaunchScreen.storyboard */,
			);
			path = LaunchScreen;
			sourceTree = "<group>";
		};
		A08550482E612C25004633CA /* UserDefaults */ = {
			isa = PBXGroup;
			children = (
				A08550492E612C55004633CA /* UserDefaultsService.swift */,
				A085504B2E612F78004633CA /* UserDefaultsKeys.swift */,
			);
			path = UserDefaults;
			sourceTree = "<group>";
		};
		A085504D2E613155004633CA /* TabBar */ = {
			isa = PBXGroup;
			children = (
				A08550442E612B4D004633CA /* TabBarFactory.swift */,
			);
			path = TabBar;
			sourceTree = "<group>";
		};
		A08550542E613F7C004633CA /* Factory */ = {
			isa = PBXGroup;
			children = (
				A085504E2E613EF8004633CA /* Container+Services.swift */,
				A08550502E613F2D004633CA /* Container+ViewModels.swift */,
				A08550522E613F5A004633CA /* Container+Utils.swift */,
			);
			path = Factory;
			sourceTree = "<group>";
		};
		A085505A2E614D79004633CA /* Frameworks */ = {
			isa = PBXGroup;
			children = (
			);
			name = Frameworks;
			sourceTree = "<group>";
		};
/* End PBXGroup section */

/* Begin PBXNativeTarget section */
		A0854F7C2E6112A3004633CA /* VemoraStore */ = {
			isa = PBXNativeTarget;
			buildConfigurationList = A0854FA92E6112A5004633CA /* Build configuration list for PBXNativeTarget "VemoraStore" */;
			buildPhases = (
				A0854F792E6112A3004633CA /* Sources */,
				A0854F7A2E6112A3004633CA /* Frameworks */,
				A0854F7B2E6112A3004633CA /* Resources */,
			);
			buildRules = (
			);
			dependencies = (
			);
			name = VemoraStore;
			packageProductDependencies = (
				A085505B2E614D79004633CA /* FactoryKit */,
			);
			productName = VemoraStore;
			productReference = A0854F7D2E6112A3004633CA /* VemoraStore.app */;
			productType = "com.apple.product-type.application";
		};
		A0854F952E6112A5004633CA /* VemoraStoreTests */ = {
			isa = PBXNativeTarget;
			buildConfigurationList = A0854FAE2E6112A5004633CA /* Build configuration list for PBXNativeTarget "VemoraStoreTests" */;
			buildPhases = (
				A0854F922E6112A5004633CA /* Sources */,
				A0854F932E6112A5004633CA /* Frameworks */,
				A0854F942E6112A5004633CA /* Resources */,
			);
			buildRules = (
			);
			dependencies = (
				A0854F982E6112A5004633CA /* PBXTargetDependency */,
			);
			name = VemoraStoreTests;
			packageProductDependencies = (
			);
			productName = VemoraStoreTests;
			productReference = A0854F962E6112A5004633CA /* VemoraStoreTests.xctest */;
			productType = "com.apple.product-type.bundle.unit-test";
		};
		A0854F9F2E6112A5004633CA /* VemoraStoreUITests */ = {
			isa = PBXNativeTarget;
			buildConfigurationList = A0854FB12E6112A5004633CA /* Build configuration list for PBXNativeTarget "VemoraStoreUITests" */;
			buildPhases = (
				A0854F9C2E6112A5004633CA /* Sources */,
				A0854F9D2E6112A5004633CA /* Frameworks */,
				A0854F9E2E6112A5004633CA /* Resources */,
			);
			buildRules = (
			);
			dependencies = (
				A0854FA22E6112A5004633CA /* PBXTargetDependency */,
			);
			name = VemoraStoreUITests;
			packageProductDependencies = (
			);
			productName = VemoraStoreUITests;
			productReference = A0854FA02E6112A5004633CA /* VemoraStoreUITests.xctest */;
			productType = "com.apple.product-type.bundle.ui-testing";
		};
/* End PBXNativeTarget section */

/* Begin PBXProject section */
		A0854F752E6112A3004633CA /* Project object */ = {
			isa = PBXProject;
			attributes = {
				BuildIndependentTargetsInParallel = 1;
				LastSwiftUpdateCheck = 1640;
				LastUpgradeCheck = 1640;
				TargetAttributes = {
					A0854F7C2E6112A3004633CA = {
						CreatedOnToolsVersion = 16.4;
					};
					A0854F952E6112A5004633CA = {
						CreatedOnToolsVersion = 16.4;
						TestTargetID = A0854F7C2E6112A3004633CA;
					};
					A0854F9F2E6112A5004633CA = {
						CreatedOnToolsVersion = 16.4;
						TestTargetID = A0854F7C2E6112A3004633CA;
					};
				};
			};
			buildConfigurationList = A0854F782E6112A3004633CA /* Build configuration list for PBXProject "VemoraStore" */;
			developmentRegion = en;
			hasScannedForEncodings = 0;
			knownRegions = (
				en,
				Base,
			);
			mainGroup = A0854F742E6112A3004633CA;
			minimizedProjectReferenceProxies = 1;
			packageReferences = (
				A08550552E6140B5004633CA /* XCRemoteSwiftPackageReference "Factory" */,
			);
			preferredProjectObjectVersion = 77;
			productRefGroup = A0854F7E2E6112A3004633CA /* Products */;
			projectDirPath = "";
			projectRoot = "";
			targets = (
				A0854F7C2E6112A3004633CA /* VemoraStore */,
				A0854F952E6112A5004633CA /* VemoraStoreTests */,
				A0854F9F2E6112A5004633CA /* VemoraStoreUITests */,
			);
		};
/* End PBXProject section */

/* Begin PBXResourcesBuildPhase section */
		A0854F7B2E6112A3004633CA /* Resources */ = {
			isa = PBXResourcesBuildPhase;
			buildActionMask = 2147483647;
			files = (
				A0854FC02E611307004633CA /* Assets.xcassets in Resources */,
				A0854FC22E611307004633CA /* LaunchScreen.storyboard in Resources */,
			);
			runOnlyForDeploymentPostprocessing = 0;
		};
		A0854F942E6112A5004633CA /* Resources */ = {
			isa = PBXResourcesBuildPhase;
			buildActionMask = 2147483647;
			files = (
			);
			runOnlyForDeploymentPostprocessing = 0;
		};
		A0854F9E2E6112A5004633CA /* Resources */ = {
			isa = PBXResourcesBuildPhase;
			buildActionMask = 2147483647;
			files = (
			);
			runOnlyForDeploymentPostprocessing = 0;
		};
/* End PBXResourcesBuildPhase section */

/* Begin PBXSourcesBuildPhase section */
		A0854F792E6112A3004633CA /* Sources */ = {
			isa = PBXSourcesBuildPhase;
			buildActionMask = 2147483647;
			files = (
				A0854FE62E6121E3004633CA /* FirebaseAuthService.swift in Sources */,
				A0854FE22E6121BC004633CA /* FirestoreProductService.swift in Sources */,
				A08550102E61255A004633CA /* Coordinator.swift in Sources */,
				A0854FC42E611307004633CA /* AppDelegate.swift in Sources */,
				A08550042E612420004633CA /* ProductServiceProtocol.swift in Sources */,
				A08550082E61243C004633CA /* CartServiceProtocol.swift in Sources */,
				A08550122E61256B004633CA /* AppCoordinator.swift in Sources */,
				A085504C2E612F78004633CA /* UserDefaultsKeys.swift in Sources */,
				A0854FEF2E612272004633CA /* CartService.swift in Sources */,
				A0854FFF2E6123D0004633CA /* Address.swift in Sources */,
				A0854FC52E611307004633CA /* SceneDelegate.swift in Sources */,
				A08550282E612945004633CA /* ProductDetailsViewModel.swift in Sources */,
				A085504A2E612C55004633CA /* UserDefaultsService.swift in Sources */,
				A08550322E612A46004633CA /* CartViewController.swift in Sources */,
				A08550212E61264B004633CA /* CatalogViewModel.swift in Sources */,
				A0854FD72E611898004633CA /* UIImageView+KF.swift in Sources */,
				A08550162E61258B004633CA /* MainCoordinator.swift in Sources */,
				A085503E2E612AC6004633CA /* CheckoutViewController.swift in Sources */,
				A0854FF42E6122B6004633CA /* LocationService.swift in Sources */,
				A0854FF12E612286004633CA /* FavoritesService.swift in Sources */,
				A08550392E612A84004633CA /* ProfileViewController.swift in Sources */,
				A0854FF92E612395004633CA /* Product.swift in Sources */,
				A08550532E613F5A004633CA /* Container+Utils.swift in Sources */,
				A08550422E612AEA004633CA /* MapPickerViewController.swift in Sources */,
				A085502D2E6129A3004633CA /* FavoritesViewModel.swift in Sources */,
				A085501F2E612637004633CA /* CatalogViewController.swift in Sources */,
				A0854FC62E611307004633CA /* VemoraStore.xcdatamodeld in Sources */,
				A085501C2E6125F6004633CA /* LoginViewModel.swift in Sources */,
				A0854FFB2E6123A5004633CA /* Category.swift in Sources */,
				A08550572E6144CB004633CA /* Profile.swift in Sources */,
				A085501A2E6125E4004633CA /* LoginViewController.swift in Sources */,
				A08550022E612411004633CA /* AuthServiceProtocol.swift in Sources */,
				A08550512E613F2D004633CA /* Container+ViewModels.swift in Sources */,
				A08550142E61257B004633CA /* AuthCoordinator.swift in Sources */,
				A08550592E614B5C004633CA /* LocationServiceProtocol.swift in Sources */,
				A085503B2E612A94004633CA /* ProfileViewModel.swift in Sources */,
				A08550402E612ADB004633CA /* CheckoutViewModel.swift in Sources */,
				A0854FFD2E6123B6004633CA /* Order.swift in Sources */,
				A0854FDE2E6119E6004633CA /* KeychainService.swift in Sources */,
				A08550062E61242E004633CA /* ProfileServiceProtocol.swift in Sources */,
				A0854FDA2E61199A004633CA /* CoreDataManager.swift in Sources */,
				A085502F2E6129D1004633CA /* FavoriteProductCell.swift in Sources */,
				A08550262E612936004633CA /* ProductDetailsViewController.swift in Sources */,
				A08550452E612B4D004633CA /* TabBarFactory.swift in Sources */,
				A085504F2E613EF8004633CA /* Container+Services.swift in Sources */,
				A085500C2E612458004633CA /* NotificationServiceProtocol.swift in Sources */,
				A08550362E612A62004633CA /* CartViewModel.swift in Sources */,
				A085502B2E612977004633CA /* FavoritesViewController.swift in Sources */,
				A08550232E61265E004633CA /* ProductCell.swift in Sources */,
				A0854FE82E6121F4004633CA /* FirebaseProfileService.swift in Sources */,
				A0854FC72E611307004633CA /* ViewController.swift in Sources */,
				A085505E2E614EA3004633CA /* CartItemEntity.swift in Sources */,
				A0854FEA2E612206004633CA /* FirebaseNotificationService.swift in Sources */,
				A085500A2E61244A004633CA /* FavoritesServiceProtocol.swift in Sources */,
			);
			runOnlyForDeploymentPostprocessing = 0;
		};
		A0854F922E6112A5004633CA /* Sources */ = {
			isa = PBXSourcesBuildPhase;
			buildActionMask = 2147483647;
			files = (
				A0854FCA2E611320004633CA /* VemoraStoreTests.swift in Sources */,
			);
			runOnlyForDeploymentPostprocessing = 0;
		};
		A0854F9C2E6112A5004633CA /* Sources */ = {
			isa = PBXSourcesBuildPhase;
			buildActionMask = 2147483647;
			files = (
				A0854FCE2E611324004633CA /* VemoraStoreUITests.swift in Sources */,
				A0854FCF2E611324004633CA /* VemoraStoreUITestsLaunchTests.swift in Sources */,
			);
			runOnlyForDeploymentPostprocessing = 0;
		};
/* End PBXSourcesBuildPhase section */

/* Begin PBXTargetDependency section */
		A0854F982E6112A5004633CA /* PBXTargetDependency */ = {
			isa = PBXTargetDependency;
			target = A0854F7C2E6112A3004633CA /* VemoraStore */;
			targetProxy = A0854F972E6112A5004633CA /* PBXContainerItemProxy */;
		};
		A0854FA22E6112A5004633CA /* PBXTargetDependency */ = {
			isa = PBXTargetDependency;
			target = A0854F7C2E6112A3004633CA /* VemoraStore */;
			targetProxy = A0854FA12E6112A5004633CA /* PBXContainerItemProxy */;
		};
/* End PBXTargetDependency section */

/* Begin PBXVariantGroup section */
		A0854FB82E611307004633CA /* LaunchScreen.storyboard */ = {
			isa = PBXVariantGroup;
			children = (
				A0854FB72E611307004633CA /* Base */,
			);
			name = LaunchScreen.storyboard;
			sourceTree = "<group>";
		};
/* End PBXVariantGroup section */

/* Begin XCBuildConfiguration section */
		A0854FAA2E6112A5004633CA /* Debug */ = {
			isa = XCBuildConfiguration;
			buildSettings = {
				ASSETCATALOG_COMPILER_APPICON_NAME = AppIcon;
				ASSETCATALOG_COMPILER_GLOBAL_ACCENT_COLOR_NAME = AccentColor;
				CODE_SIGN_STYLE = Automatic;
				CURRENT_PROJECT_VERSION = 1;
				DEVELOPMENT_TEAM = QZ329TNU43;
				GENERATE_INFOPLIST_FILE = YES;
				INFOPLIST_FILE = VemoraStore/App/Info.plist;
				INFOPLIST_KEY_LSApplicationCategoryType = "public.app-category.business";
				INFOPLIST_KEY_UIApplicationSupportsIndirectInputEvents = YES;
				INFOPLIST_KEY_UILaunchStoryboardName = LaunchScreen;
				INFOPLIST_KEY_UISupportedInterfaceOrientations = UIInterfaceOrientationPortrait;
				INFOPLIST_KEY_UISupportedInterfaceOrientations_iPad = "UIInterfaceOrientationPortrait UIInterfaceOrientationPortraitUpsideDown";
				IPHONEOS_DEPLOYMENT_TARGET = 15.6;
				LD_RUNPATH_SEARCH_PATHS = (
					"$(inherited)",
					"@executable_path/Frameworks",
				);
				MARKETING_VERSION = 1.0;
				PRODUCT_BUNDLE_IDENTIFIER = vemora.tech.VemoraStore;
				PRODUCT_NAME = "$(TARGET_NAME)";
				SUPPORTED_PLATFORMS = "iphoneos iphonesimulator";
				SUPPORTS_MACCATALYST = NO;
				SUPPORTS_MAC_DESIGNED_FOR_IPHONE_IPAD = NO;
				SUPPORTS_XR_DESIGNED_FOR_IPHONE_IPAD = NO;
				SWIFT_EMIT_LOC_STRINGS = YES;
				SWIFT_VERSION = 5.0;
				TARGETED_DEVICE_FAMILY = 1;
			};
			name = Debug;
		};
		A0854FAB2E6112A5004633CA /* Release */ = {
			isa = XCBuildConfiguration;
			buildSettings = {
				ASSETCATALOG_COMPILER_APPICON_NAME = AppIcon;
				ASSETCATALOG_COMPILER_GLOBAL_ACCENT_COLOR_NAME = AccentColor;
				CODE_SIGN_STYLE = Automatic;
				CURRENT_PROJECT_VERSION = 1;
				DEVELOPMENT_TEAM = QZ329TNU43;
				GENERATE_INFOPLIST_FILE = YES;
				INFOPLIST_FILE = VemoraStore/App/Info.plist;
				INFOPLIST_KEY_LSApplicationCategoryType = "public.app-category.business";
				INFOPLIST_KEY_UIApplicationSupportsIndirectInputEvents = YES;
				INFOPLIST_KEY_UILaunchStoryboardName = LaunchScreen;
				INFOPLIST_KEY_UISupportedInterfaceOrientations = UIInterfaceOrientationPortrait;
				INFOPLIST_KEY_UISupportedInterfaceOrientations_iPad = "UIInterfaceOrientationPortrait UIInterfaceOrientationPortraitUpsideDown";
				IPHONEOS_DEPLOYMENT_TARGET = 15.6;
				LD_RUNPATH_SEARCH_PATHS = (
					"$(inherited)",
					"@executable_path/Frameworks",
				);
				MARKETING_VERSION = 1.0;
				PRODUCT_BUNDLE_IDENTIFIER = vemora.tech.VemoraStore;
				PRODUCT_NAME = "$(TARGET_NAME)";
				SUPPORTED_PLATFORMS = "iphoneos iphonesimulator";
				SUPPORTS_MACCATALYST = NO;
				SUPPORTS_MAC_DESIGNED_FOR_IPHONE_IPAD = NO;
				SUPPORTS_XR_DESIGNED_FOR_IPHONE_IPAD = NO;
				SWIFT_EMIT_LOC_STRINGS = YES;
				SWIFT_VERSION = 5.0;
				TARGETED_DEVICE_FAMILY = 1;
			};
			name = Release;
		};
		A0854FAC2E6112A5004633CA /* Debug */ = {
			isa = XCBuildConfiguration;
			buildSettings = {
				ALWAYS_SEARCH_USER_PATHS = NO;
				ASSETCATALOG_COMPILER_GENERATE_SWIFT_ASSET_SYMBOL_EXTENSIONS = YES;
				CLANG_ANALYZER_NONNULL = YES;
				CLANG_ANALYZER_NUMBER_OBJECT_CONVERSION = YES_AGGRESSIVE;
				CLANG_CXX_LANGUAGE_STANDARD = "gnu++20";
				CLANG_ENABLE_MODULES = YES;
				CLANG_ENABLE_OBJC_ARC = YES;
				CLANG_ENABLE_OBJC_WEAK = YES;
				CLANG_WARN_BLOCK_CAPTURE_AUTORELEASING = YES;
				CLANG_WARN_BOOL_CONVERSION = YES;
				CLANG_WARN_COMMA = YES;
				CLANG_WARN_CONSTANT_CONVERSION = YES;
				CLANG_WARN_DEPRECATED_OBJC_IMPLEMENTATIONS = YES;
				CLANG_WARN_DIRECT_OBJC_ISA_USAGE = YES_ERROR;
				CLANG_WARN_DOCUMENTATION_COMMENTS = YES;
				CLANG_WARN_EMPTY_BODY = YES;
				CLANG_WARN_ENUM_CONVERSION = YES;
				CLANG_WARN_INFINITE_RECURSION = YES;
				CLANG_WARN_INT_CONVERSION = YES;
				CLANG_WARN_NON_LITERAL_NULL_CONVERSION = YES;
				CLANG_WARN_OBJC_IMPLICIT_RETAIN_SELF = YES;
				CLANG_WARN_OBJC_LITERAL_CONVERSION = YES;
				CLANG_WARN_OBJC_ROOT_CLASS = YES_ERROR;
				CLANG_WARN_QUOTED_INCLUDE_IN_FRAMEWORK_HEADER = YES;
				CLANG_WARN_RANGE_LOOP_ANALYSIS = YES;
				CLANG_WARN_STRICT_PROTOTYPES = YES;
				CLANG_WARN_SUSPICIOUS_MOVE = YES;
				CLANG_WARN_UNGUARDED_AVAILABILITY = YES_AGGRESSIVE;
				CLANG_WARN_UNREACHABLE_CODE = YES;
				CLANG_WARN__DUPLICATE_METHOD_MATCH = YES;
				COPY_PHASE_STRIP = NO;
				DEBUG_INFORMATION_FORMAT = dwarf;
				DEVELOPMENT_TEAM = QZ329TNU43;
				ENABLE_STRICT_OBJC_MSGSEND = YES;
				ENABLE_TESTABILITY = YES;
				ENABLE_USER_SCRIPT_SANDBOXING = YES;
				GCC_C_LANGUAGE_STANDARD = gnu17;
				GCC_DYNAMIC_NO_PIC = NO;
				GCC_NO_COMMON_BLOCKS = YES;
				GCC_OPTIMIZATION_LEVEL = 0;
				GCC_PREPROCESSOR_DEFINITIONS = (
					"DEBUG=1",
					"$(inherited)",
				);
				GCC_WARN_64_TO_32_BIT_CONVERSION = YES;
				GCC_WARN_ABOUT_RETURN_TYPE = YES_ERROR;
				GCC_WARN_UNDECLARED_SELECTOR = YES;
				GCC_WARN_UNINITIALIZED_AUTOS = YES_AGGRESSIVE;
				GCC_WARN_UNUSED_FUNCTION = YES;
				GCC_WARN_UNUSED_VARIABLE = YES;
				IPHONEOS_DEPLOYMENT_TARGET = 18.5;
				LOCALIZATION_PREFERS_STRING_CATALOGS = YES;
				MTL_ENABLE_DEBUG_INFO = INCLUDE_SOURCE;
				MTL_FAST_MATH = YES;
				ONLY_ACTIVE_ARCH = YES;
				SDKROOT = iphoneos;
				SWIFT_ACTIVE_COMPILATION_CONDITIONS = "DEBUG $(inherited)";
				SWIFT_OPTIMIZATION_LEVEL = "-Onone";
			};
			name = Debug;
		};
		A0854FAD2E6112A5004633CA /* Release */ = {
			isa = XCBuildConfiguration;
			buildSettings = {
				ALWAYS_SEARCH_USER_PATHS = NO;
				ASSETCATALOG_COMPILER_GENERATE_SWIFT_ASSET_SYMBOL_EXTENSIONS = YES;
				CLANG_ANALYZER_NONNULL = YES;
				CLANG_ANALYZER_NUMBER_OBJECT_CONVERSION = YES_AGGRESSIVE;
				CLANG_CXX_LANGUAGE_STANDARD = "gnu++20";
				CLANG_ENABLE_MODULES = YES;
				CLANG_ENABLE_OBJC_ARC = YES;
				CLANG_ENABLE_OBJC_WEAK = YES;
				CLANG_WARN_BLOCK_CAPTURE_AUTORELEASING = YES;
				CLANG_WARN_BOOL_CONVERSION = YES;
				CLANG_WARN_COMMA = YES;
				CLANG_WARN_CONSTANT_CONVERSION = YES;
				CLANG_WARN_DEPRECATED_OBJC_IMPLEMENTATIONS = YES;
				CLANG_WARN_DIRECT_OBJC_ISA_USAGE = YES_ERROR;
				CLANG_WARN_DOCUMENTATION_COMMENTS = YES;
				CLANG_WARN_EMPTY_BODY = YES;
				CLANG_WARN_ENUM_CONVERSION = YES;
				CLANG_WARN_INFINITE_RECURSION = YES;
				CLANG_WARN_INT_CONVERSION = YES;
				CLANG_WARN_NON_LITERAL_NULL_CONVERSION = YES;
				CLANG_WARN_OBJC_IMPLICIT_RETAIN_SELF = YES;
				CLANG_WARN_OBJC_LITERAL_CONVERSION = YES;
				CLANG_WARN_OBJC_ROOT_CLASS = YES_ERROR;
				CLANG_WARN_QUOTED_INCLUDE_IN_FRAMEWORK_HEADER = YES;
				CLANG_WARN_RANGE_LOOP_ANALYSIS = YES;
				CLANG_WARN_STRICT_PROTOTYPES = YES;
				CLANG_WARN_SUSPICIOUS_MOVE = YES;
				CLANG_WARN_UNGUARDED_AVAILABILITY = YES_AGGRESSIVE;
				CLANG_WARN_UNREACHABLE_CODE = YES;
				CLANG_WARN__DUPLICATE_METHOD_MATCH = YES;
				COPY_PHASE_STRIP = NO;
				DEBUG_INFORMATION_FORMAT = "dwarf-with-dsym";
				DEVELOPMENT_TEAM = QZ329TNU43;
				ENABLE_NS_ASSERTIONS = NO;
				ENABLE_STRICT_OBJC_MSGSEND = YES;
				ENABLE_USER_SCRIPT_SANDBOXING = YES;
				GCC_C_LANGUAGE_STANDARD = gnu17;
				GCC_NO_COMMON_BLOCKS = YES;
				GCC_WARN_64_TO_32_BIT_CONVERSION = YES;
				GCC_WARN_ABOUT_RETURN_TYPE = YES_ERROR;
				GCC_WARN_UNDECLARED_SELECTOR = YES;
				GCC_WARN_UNINITIALIZED_AUTOS = YES_AGGRESSIVE;
				GCC_WARN_UNUSED_FUNCTION = YES;
				GCC_WARN_UNUSED_VARIABLE = YES;
				IPHONEOS_DEPLOYMENT_TARGET = 18.5;
				LOCALIZATION_PREFERS_STRING_CATALOGS = YES;
				MTL_ENABLE_DEBUG_INFO = NO;
				MTL_FAST_MATH = YES;
				SDKROOT = iphoneos;
				SWIFT_COMPILATION_MODE = wholemodule;
				VALIDATE_PRODUCT = YES;
			};
			name = Release;
		};
		A0854FAF2E6112A5004633CA /* Debug */ = {
			isa = XCBuildConfiguration;
			buildSettings = {
				BUNDLE_LOADER = "$(TEST_HOST)";
				CODE_SIGN_STYLE = Automatic;
				CURRENT_PROJECT_VERSION = 1;
				DEVELOPMENT_TEAM = QZ329TNU43;
				GENERATE_INFOPLIST_FILE = YES;
				IPHONEOS_DEPLOYMENT_TARGET = 18.5;
				MARKETING_VERSION = 1.0;
				PRODUCT_BUNDLE_IDENTIFIER = vemora.tech.VemoraStoreTests;
				PRODUCT_NAME = "$(TARGET_NAME)";
				SWIFT_EMIT_LOC_STRINGS = NO;
				SWIFT_VERSION = 5.0;
				TARGETED_DEVICE_FAMILY = "1,2";
				TEST_HOST = "$(BUILT_PRODUCTS_DIR)/VemoraStore.app/$(BUNDLE_EXECUTABLE_FOLDER_PATH)/VemoraStore";
			};
			name = Debug;
		};
		A0854FB02E6112A5004633CA /* Release */ = {
			isa = XCBuildConfiguration;
			buildSettings = {
				BUNDLE_LOADER = "$(TEST_HOST)";
				CODE_SIGN_STYLE = Automatic;
				CURRENT_PROJECT_VERSION = 1;
				DEVELOPMENT_TEAM = QZ329TNU43;
				GENERATE_INFOPLIST_FILE = YES;
				IPHONEOS_DEPLOYMENT_TARGET = 18.5;
				MARKETING_VERSION = 1.0;
				PRODUCT_BUNDLE_IDENTIFIER = vemora.tech.VemoraStoreTests;
				PRODUCT_NAME = "$(TARGET_NAME)";
				SWIFT_EMIT_LOC_STRINGS = NO;
				SWIFT_VERSION = 5.0;
				TARGETED_DEVICE_FAMILY = "1,2";
				TEST_HOST = "$(BUILT_PRODUCTS_DIR)/VemoraStore.app/$(BUNDLE_EXECUTABLE_FOLDER_PATH)/VemoraStore";
			};
			name = Release;
		};
		A0854FB22E6112A5004633CA /* Debug */ = {
			isa = XCBuildConfiguration;
			buildSettings = {
				CODE_SIGN_STYLE = Automatic;
				CURRENT_PROJECT_VERSION = 1;
				DEVELOPMENT_TEAM = QZ329TNU43;
				GENERATE_INFOPLIST_FILE = YES;
				MARKETING_VERSION = 1.0;
				PRODUCT_BUNDLE_IDENTIFIER = vemora.tech.VemoraStoreUITests;
				PRODUCT_NAME = "$(TARGET_NAME)";
				SWIFT_EMIT_LOC_STRINGS = NO;
				SWIFT_VERSION = 5.0;
				TARGETED_DEVICE_FAMILY = "1,2";
				TEST_TARGET_NAME = VemoraStore;
			};
			name = Debug;
		};
		A0854FB32E6112A5004633CA /* Release */ = {
			isa = XCBuildConfiguration;
			buildSettings = {
				CODE_SIGN_STYLE = Automatic;
				CURRENT_PROJECT_VERSION = 1;
				DEVELOPMENT_TEAM = QZ329TNU43;
				GENERATE_INFOPLIST_FILE = YES;
				MARKETING_VERSION = 1.0;
				PRODUCT_BUNDLE_IDENTIFIER = vemora.tech.VemoraStoreUITests;
				PRODUCT_NAME = "$(TARGET_NAME)";
				SWIFT_EMIT_LOC_STRINGS = NO;
				SWIFT_VERSION = 5.0;
				TARGETED_DEVICE_FAMILY = "1,2";
				TEST_TARGET_NAME = VemoraStore;
			};
			name = Release;
		};
/* End XCBuildConfiguration section */

/* Begin XCConfigurationList section */
		A0854F782E6112A3004633CA /* Build configuration list for PBXProject "VemoraStore" */ = {
			isa = XCConfigurationList;
			buildConfigurations = (
				A0854FAC2E6112A5004633CA /* Debug */,
				A0854FAD2E6112A5004633CA /* Release */,
			);
			defaultConfigurationIsVisible = 0;
			defaultConfigurationName = Release;
		};
		A0854FA92E6112A5004633CA /* Build configuration list for PBXNativeTarget "VemoraStore" */ = {
			isa = XCConfigurationList;
			buildConfigurations = (
				A0854FAA2E6112A5004633CA /* Debug */,
				A0854FAB2E6112A5004633CA /* Release */,
			);
			defaultConfigurationIsVisible = 0;
			defaultConfigurationName = Release;
		};
		A0854FAE2E6112A5004633CA /* Build configuration list for PBXNativeTarget "VemoraStoreTests" */ = {
			isa = XCConfigurationList;
			buildConfigurations = (
				A0854FAF2E6112A5004633CA /* Debug */,
				A0854FB02E6112A5004633CA /* Release */,
			);
			defaultConfigurationIsVisible = 0;
			defaultConfigurationName = Release;
		};
		A0854FB12E6112A5004633CA /* Build configuration list for PBXNativeTarget "VemoraStoreUITests" */ = {
			isa = XCConfigurationList;
			buildConfigurations = (
				A0854FB22E6112A5004633CA /* Debug */,
				A0854FB32E6112A5004633CA /* Release */,
			);
			defaultConfigurationIsVisible = 0;
			defaultConfigurationName = Release;
		};
/* End XCConfigurationList section */

/* Begin XCRemoteSwiftPackageReference section */
		A08550552E6140B5004633CA /* XCRemoteSwiftPackageReference "Factory" */ = {
			isa = XCRemoteSwiftPackageReference;
			repositoryURL = "https://github.com/hmlongco/Factory.git";
			requirement = {
				kind = upToNextMajorVersion;
				minimumVersion = 2.5.3;
			};
		};
/* End XCRemoteSwiftPackageReference section */

/* Begin XCSwiftPackageProductDependency section */
		A085505B2E614D79004633CA /* FactoryKit */ = {
			isa = XCSwiftPackageProductDependency;
			package = A08550552E6140B5004633CA /* XCRemoteSwiftPackageReference "Factory" */;
			productName = FactoryKit;
		};
/* End XCSwiftPackageProductDependency section */

/* Begin XCVersionGroup section */
		A0854FBC2E611307004633CA /* VemoraStore.xcdatamodeld */ = {
			isa = XCVersionGroup;
			children = (
				A0854FBF2E611307004633CA /* VemoraStore.xcdatamodel */,
			);
			currentVersion = A0854FBF2E611307004633CA /* VemoraStore.xcdatamodel */;
			path = VemoraStore.xcdatamodeld;
			sourceTree = "<group>";
			versionGroupType = wrapper.xcdatamodel;
		};
/* End XCVersionGroup section */
	};
	rootObject = A0854F752E6112A3004633CA /* Project object */;
}
